{
    "_meta": {
        "hash": {
            "sha256": "ed0c827746fa9a76d740571d499c154b229d0887f4e7ca79f2f8e8624625f24b"
        },
        "pipfile-spec": 6,
        "requires": {},
        "sources": [
            {
                "name": "pypi",
                "url": "https://pypi.org/simple",
                "verify_ssl": true
            }
        ]
    },
    "default": {
        "anki": {
            "hashes": [
                "sha256:59d192b1c77be00190219ffef2111f1ed7736664f784471afe8555d5acbadeb6",
                "sha256:b1971da40d6223054fc9e547f14d791291a0965714e6baf72a14495b93178793",
                "sha256:d186bcc34b31fce3d4d0b0edbb9ca34da504dc3035fac84d9b9b51b9fb1b7f7d"
            ],
            "index": "pypi",
            "version": "==2.1.47"
        },
        "beautifulsoup4": {
            "hashes": [
                "sha256:9a315ce70049920ea4572a4055bc4bd700c940521d36fc858205ad4fcde149bf",
                "sha256:c23ad23c521d818955a4151a67d81580319d4bf548d3d49f4223ae041ff98891"
            ],
            "index": "pypi",
            "version": "==4.10.0"
        },
        "certifi": {
            "hashes": [
                "sha256:35824b4c3a97115964b408844d64aa14db1cc518f6562e8d7261699d1350a9e3",
                "sha256:4ad3232f5e926d6718ec31cfc1fcadfde020920e278684144551c91769c7bc18"
            ],
            "index": "pypi",
            "version": "==2022.12.7"
        },
        "charset-normalizer": {
            "hashes": [
                "sha256:2857e29ff0d34db842cd7ca3230549d1a697f96ee6d3fb071cfa6c7393832597",
                "sha256:6881edbebdb17b39b4eaaa821b438bf6eddffb4468cf344f09f89def34a8b1df"
            ],
            "markers": "python_version >= '3.0'",
            "version": "==2.0.12"
        },
        "decorator": {
            "hashes": [
                "sha256:637996211036b6385ef91435e4fae22989472f9d571faba8927ba8253acbc330",
                "sha256:b8c3f85900b9dc423225913c5aace94729fe1fa9763b38939a95226f02d37186"
            ],
            "markers": "python_version >= '3.5'",
            "version": "==5.1.1"
        },
        "distro": {
            "hashes": [
                "sha256:02e111d1dc6a50abb8eed6bf31c3e48ed8b0830d1ea2a1b78c61765c2513fdd8",
                "sha256:99522ca3e365cac527b44bde033f64c6945d90eb9f769703caaec52b09bbd3ff"
            ],
            "markers": "sys_platform != 'darwin' and sys_platform != 'win32'",
            "version": "==1.8.0"
        },
        "idna": {
            "hashes": [
                "sha256:814f528e8dead7d329833b91c5faa87d60bf71824cd12a7530b5526063d02cb4",
                "sha256:90b77e79eaa3eba6de819a0c442c0b4ceefc341a7a2ab77d7562bf49f425c5c2"
            ],
            "markers": "python_version >= '3.0'",
            "version": "==3.4"
        },
        "markdown": {
            "hashes": [
                "sha256:08fb8465cffd03d10b9dd34a5c3fea908e20391a2a90b88d66362cb05beed186",
                "sha256:3b809086bb6efad416156e00a0da66fe47618a5d6918dd688f53f40c8e4cfeff"
            ],
            "markers": "python_version >= '3.7'",
            "version": "==3.4.1"
        },
        "orjson": {
            "hashes": [
                "sha256:0379ad4c0246281f136a93ed357e342f24070c7055f00aeff9a69c2352e38d10",
                "sha256:0459893746dc80dbfb262a24c08fdba2a737d44d26691e85f27b2223cac8075f",
                "sha256:068febdc7e10655a68a381d2db714d0a90ce46dc81519a4962521a0af07697fb",
                "sha256:194aef99db88b450b0005406f259ad07df545e6c9632f2a64c04986a0faf2c68",
                "sha256:3497dde5c99dd616554f0dcb694b955a2dc3eb920fe36b150f88ce53e3be2a46",
                "sha256:37196a7f2219508c6d944d7d5ea0000a226818787dadbbed309bfa6174f0402b",
                "sha256:3e9e54ff8c9253d7f01ebc5836a1308d0ebe8e5c2edee620867a49556a158484",
                "sha256:4b0c13e05da5bc1a6b2e1d3b117cc669e2267ce0a131e94845056d506ef041c6",
                "sha256:4b587ec06ab7dd4fb5acf50af98314487b7d56d6e1a7f05d49d8367e0e0b23bc",
                "sha256:4cd0bb7e843ceba759e4d4cc2ca9243d1a878dac42cdcfc2295883fbd5bd2400",
                "sha256:4fff44ca121329d62e48582850a247a487e968cfccd5527fab20bd5b650b78c3",
                "sha256:52540572c349179e2a7b6a7b98d6e9320e0333533af809359a95f7b57a61c506",
                "sha256:54f3ef512876199d7dacd348a0fc53392c6be15bdf857b2d67fa1b089d561b98",
                "sha256:65ea3336c2bda31bc938785b84283118dec52eb90a2946b140054873946f60a4",
                "sha256:6bf425bba42a8cee49d611ddd50b7fea9e87787e77bf90b2cb9742293f319480",
                "sha256:75de90c34db99c42ee7608ff88320442d3ce17c258203139b5a8b0afb4a9b43b",
                "sha256:78d69020fa9cf28b363d2494e5f1f10210e8fecf49bf4a767fcffcce7b9d7f58",
                "sha256:7f0ec0ca4e81492569057199e042607090ba48289c4f59f29bbc219282b8dc60",
                "sha256:83891e9c3a172841f63cae75ff9ce78f12e4c2c5161baec7af725b1d71d4de21",
                "sha256:8fe6188ea2a1165280b4ff5fab92753b2007665804e8214be3d00d0b83b5764e",
                "sha256:94bd4295fadea984b6284dc55f7d1ea828240057f3b6a1d8ec3fe4d1ea596964",
                "sha256:961bc1dcbc3a89b52e8979194b3043e7d28ffc979187e46ad23efa8ada612d04",
                "sha256:989bf5980fc8aca43a9d0a50ea0a0eee81257e812aaceb1e9c0dbd0856fc5230",
                "sha256:a30503ee24fc3c59f768501d7a7ded5119a631c79033929a5035a4c91901eac7",
                "sha256:aa57fe8b32750a64c816840444ec4d1e4310630ecd9d1d7b3db4b45d248b5585",
                "sha256:b7018494a7a11bcd04da1173c3a38fa5a866f905c138326504552231824ac9c1",
                "sha256:b70782258c73913eb6542c04b6556c841247eb92eeace5db2ee2e1d4cb6ffaa5",
                "sha256:ca61e6c5a86efb49b790c8e331ff05db6d5ed773dfc9b58667ea3b260971cfb2",
                "sha256:cbdfbd49d58cbaabfa88fcdf9e4f09487acca3d17f144648668ea6ae06cc3183",
                "sha256:cf3dad7dbf65f78fefca0eb385d606844ea58a64fe908883a32768dfaee0b952",
                "sha256:d30d427a1a731157206ddb1e95620925298e4c7c3f93838f53bd19f6069be244",
                "sha256:d46241e63df2d39f4b7d44e2ff2becfb6646052b963afb1a99f4ef8c2a31aba0",
                "sha256:d5870ced447a9fbeb5aeb90f362d9106b80a32f729a57b59c64684dbc9175e92",
                "sha256:d746da1260bbe7cb06200813cc40482fb1b0595c4c09c3afffe34cfc408d0a4a",
                "sha256:dbd74d2d3d0b7ac8ca968c3be51d4cfbecec65c6d6f55dabe95e975c234d0338",
                "sha256:dc29ff612030f3c2e8d7c0bc6c74d18b76dde3726230d892524735498f29f4b2",
                "sha256:e570fdfa09b84cc7c42a3a6dd22dbd2177cb5f3798feefc430066b260886acae",
                "sha256:eda1534a5289168614f21422861cbfb1abb8a82d66c00a8ba823d863c0797178",
                "sha256:ef3b4c7931989eb973fbbcc38accf7711d607a2b0ed84817341878ec8effb9c5",
                "sha256:f06ef273d8d4101948ebc4262a485737bcfd440fb83dd4b125d3e5f4226117bc",
                "sha256:f1612e08b8254d359f9b72c4a4099d46cdc0f58b574da48472625a0e80222b6e",
                "sha256:f8ff793a3188c21e646219dc5e2c60a74dde25c26de3075f4c2e33cf25835340",
                "sha256:faf44a709f54cf490a27ccb0fb1cb5a99005c36ff7cb127d222306bf84f5493f",
                "sha256:ff96c61127550ae25caab325e1f4a4fba2740ca77f8e81640f1b8b575e95f784"
            ],
            "markers": "platform_machine == 'x86_64'",
            "version": "==3.8.3"
        },
        "protobuf": {
            "hashes": [
                "sha256:25266bf373ee06d5d66f9eb1ec9d434b243dccce5c32faf151054cfa6f9dcbf1",
                "sha256:260e346927fd4e6fbb49ab545137b19610c24a1d853dc5f29ddf777ab1987211",
                "sha256:2c6a4d13732d9b094db31b3841986c38b17ac61a3fe05ee26a779d94c4c3fb43",
                "sha256:4922e3320ed70e81f05060822da36923d09fd9e04e17f411f2d8d8d0070f9f5c",
                "sha256:4b75c947289a2e9c1f37d21c593f1ef6fb4fed33977dfb2ac84f799eb29a8ff4",
                "sha256:4d01ef83517c181d60ea1c6d0b2f644be250ade740d6554a2f5a021b1ad622e3",
                "sha256:553e35c0878f6855e55f01a14561e6bce6df79b6636a5acf83b9d9ac7eab7922",
                "sha256:85ccb4753ee21de7dc81a7a68a051f25dbe133ffa01a639ac998427d0b223387",
                "sha256:a5a14b907a191319e7a58b38c583bbf50deb21e002f723a912c5e4f6969a778e",
                "sha256:a944dc9550baae276afc7dc8193191d4c2ad660270a1e5ed5a71539817ebe2e2",
                "sha256:bab4b21a986ded225b9392c07ce21c35d790951f51e1ebfd32e4d443b05c3726",
                "sha256:c3b9e329b4c247dc3ba5c50f60915a84e08278eb6d9e3fa674d0d04ff816bfd7",
                "sha256:d91a47c77b33580024b0271b65bb820c4e0264c25eb49151ad01e691de8fa0b6",
                "sha256:efb16b16fd3eef25357f84d516062753014b76279ce4e0ec4880badd2fba7370"
            ],
            "markers": "python_version >= '3.7'",
            "version": "==4.21.11"
        },
        "pysocks": {
            "hashes": [
                "sha256:08e69f092cc6dbe92a0fdd16eeb9b9ffbc13cadfe5ca4c7bd92ffb078b293299",
                "sha256:2725bd0a9925919b9b51739eea5f9e2bae91e83288108a9ad338b2e3a4435ee5",
                "sha256:3f8804571ebe159c380ac6de37643bb4685970655d3bba243530d6558b799aa0"
            ],
            "version": "==1.7.1"
        },
        "requests": {
            "hashes": [
                "sha256:6c1246513ecd5ecd4528a0906f910e8f0f9c6b8ec72030dc9fd154dc1a6efd24",
                "sha256:b8aa58f8cf793ffd8782d3d8cb19e66ef36f7aba4353eec859e74678b01b07a7"
            ],
            "index": "pypi",
            "version": "==2.26.0"
        },
        "soupsieve": {
            "hashes": [
                "sha256:3b2503d3c7084a42b1ebd08116e5f81aadfaea95863628c80a3b774a11b7c759",
                "sha256:fc53893b3da2c33de295667a0e19f078c14bf86544af307354de5fcf12a3f30d"
            ],
            "markers": "python_version >= '3.6'",
            "version": "==2.3.2.post1"
        },
        "stringcase": {
            "hashes": [
                "sha256:48a06980661908efe8d9d34eab2b6c13aefa2163b3ced26972902e3bdfd87008"
            ],
            "version": "==1.2.0"
        },
        "urllib3": {
            "hashes": [
                "sha256:47cc05d99aaa09c9e72ed5809b60e7ba354e64b59c9c173ac3018642d8bb41fc",
                "sha256:c083dd0dce68dbfbe1129d5271cb90f9447dea7d52097c6e0126120c521ddea8"
            ],
            "markers": "python_version >= '2.7' and python_version not in '3.0, 3.1, 3.2, 3.3, 3.4, 3.5'",
            "version": "==1.26.13"
        }
    },
    "develop": {
        "blessed": {
            "hashes": [
                "sha256:63b8554ae2e0e7f43749b6715c734cc8f3883010a809bf16790102563e6cf25b",
                "sha256:9a0d099695bf621d4680dd6c73f6ad547f6a3442fbdbe80c4b1daa1edbc492fc"
            ],
            "markers": "python_version >= '2.7'",
            "version": "==1.19.1"
        },
        "bpython": {
            "hashes": [
                "sha256:64a2032052c629f0fc2d215cdcf3cbdc005d9001a4e8c11b2126e80899be77fb",
                "sha256:88aa9b89974f6a7726499a2608fa7ded216d84c69e78114ab2ef996a45709487"
            ],
            "index": "pypi",
            "version": "==0.21"
        },
        "certifi": {
            "hashes": [
                "sha256:35824b4c3a97115964b408844d64aa14db1cc518f6562e8d7261699d1350a9e3",
                "sha256:4ad3232f5e926d6718ec31cfc1fcadfde020920e278684144551c91769c7bc18"
            ],
            "index": "pypi",
            "version": "==2022.12.7"
        },
        "charset-normalizer": {
            "hashes": [
                "sha256:2857e29ff0d34db842cd7ca3230549d1a697f96ee6d3fb071cfa6c7393832597",
                "sha256:6881edbebdb17b39b4eaaa821b438bf6eddffb4468cf344f09f89def34a8b1df"
            ],
            "markers": "python_version >= '3.0'",
            "version": "==2.0.12"
        },
        "curtsies": {
            "hashes": [
                "sha256:62d10f349c553845306556a7f2663ce96b098d8c5bbc40daec7a6eedde1622b0"
            ],
            "markers": "python_version >= '3.7'",
            "version": "==0.4.1"
        },
        "cwcwidth": {
            "hashes": [
                "sha256:02a2e8a7cf1aaa590c1c56624cf87b793b1ecb84850b9a965df78766843439a1",
                "sha256:058162c84ca54362f8af99a57feba5abe76075e16c7fe8a290f99f63a9b40bd9",
                "sha256:0dbb6c6faa5899f71a3064843c528e9ed31881a2b0c83e33ee5109a71a1389cf",
                "sha256:1a5256190f2fa081e9ce0a4e3031992e7c8b98868fc77e4c00bc9563b1fc3017",
                "sha256:1cb4768ff9f6dcebcfb9e3bcc06b2de4f7d24ab423b01b94740f6ac5c72eede6",
                "sha256:1e156b9fa6068d32b14984fef9281cedfda114616d6f40cc21202756c04045fd",
                "sha256:26875ee1ac234e4bd73e6b55c0d8e1f61ae51736f4b712a4f9dd147e559fb17f",
                "sha256:275d89f102a966755e7b8482b96ad2efd8399853481b2a91d662da48fbcb8539",
                "sha256:3a5c9c9f6ee425d6d1bf5d09227304e10178755576b103d83457cc9884c7513f",
                "sha256:3e99cd2433ab37e35061057b6fddfd714d34e214bd2f2d9f708e422fe6c4eeb6",
                "sha256:4dc6b7a86893cb8615f3ff9a29132e21e292d47a30ccb33f1e024d745f30f1f9",
                "sha256:577a9394cba36339d41e633c9d82da0c67d26a3392ca64ac33e8379492206041",
                "sha256:5adc034b7c90e6a8586bd046bcbf6004e35e16b0d7e31de395513a50d729bbf6",
                "sha256:5c75d262d3bbb7fda982b0b8ce234d8a9e6bec0920f20c7daad93f7a631b1396",
                "sha256:5de08f1f55c255f9fdf6957bf4852d274f70f6cc39f2eff62c7be9342c6e8c6a",
                "sha256:62d4a203782b9eb677e5645517c6f2bfb033f07f9d3d112e994e37c1ac0d411c",
                "sha256:63ea84c5c3ac3f146ef091cded6a96cb9d421c28d8c4b40902adb1e28aeba52a",
                "sha256:6569c91d787adb312d8d30608e83def6689d0756d39edc4e1d9f85a0512abeee",
                "sha256:6858884314f58532e6c431564dae5fdf6e4f1aa6e461b421a1e431cbd6b40340",
                "sha256:6f5130eabcab72efdf1eee614a9ed00d0f8da9f6d7e6f81537ce010cecaf3427",
                "sha256:6f6b6abf1c375f394b2b1ed67237395082db9b3afd6fcb830bd7808ea36878d4",
                "sha256:70f3dd71d935780657e91047389161188e2d121e01c4356746263d280e294fa9",
                "sha256:72aed59f8cdb7a6b0fe3717be766bbdc41c8ac9ad43deb4b61e96e1c8a6f7f1b",
                "sha256:79fea2acf7418f7b6398d43f47195b993fcefd4adf4c9a851d93b50914b0eceb",
                "sha256:87a53489a715416b1c0e2b6a498061d9d395747ad4e05af34e4b6efdb68566b7",
                "sha256:9abc6c4616359c21862f3ba42630556102577897f474a9d00bb9cdfa5cb53757",
                "sha256:a56f65342c9878bf243849ed9d4f262544de1590eb0d429821e30fed3f7333c4",
                "sha256:ab47a6010833b017bca750ac4c0ccf3c0478c290d70fb6384f33c4ed238cc4b5",
                "sha256:add82ab289c8a9d98af50e711199da1784abbac25a17979dea05ba4e862694de",
                "sha256:af597541e0c7af9db76f6189ebaae085b4a2649e91e87d0e8e93bf7b822f5a86",
                "sha256:b85483ca46e7715b1d8c3e64a45d15413e33f2a7d5760022fe745135373dad7c",
                "sha256:c699a2a526b031b62dce4023194b99b0d7649ef042cfb1e18cca76b4a5e714f7",
                "sha256:d89448dfe4b9bde74b4a43fd359c892797262f3c77579027409fb4099f88670f",
                "sha256:d8acab21c0485d18779fc05b55903dc40a66ce66d0c018edfec01a0ed0a5c469",
                "sha256:eaaea46c6895ed5dc2f6ff67a3d13400d8a5f5d0f4f243f487879c358b902099",
                "sha256:f83b063b93ac8581f11c6a1ebd9adc1c74942fb2f2d5dfd027f81d5217038cf2"
            ],
            "markers": "python_version >= '3.7'",
            "version": "==0.1.8"
        },
        "greenlet": {
            "hashes": [
                "sha256:0109af1138afbfb8ae647e31a2b1ab030f58b21dd8528c27beaeb0093b7938a9",
                "sha256:0459d94f73265744fee4c2d5ec44c6f34aa8a31017e6e9de770f7bcf29710be9",
                "sha256:04957dc96669be041e0c260964cfef4c77287f07c40452e61abe19d647505581",
                "sha256:0722c9be0797f544a3ed212569ca3fe3d9d1a1b13942d10dd6f0e8601e484d26",
                "sha256:097e3dae69321e9100202fc62977f687454cd0ea147d0fd5a766e57450c569fd",
                "sha256:0b493db84d124805865adc587532ebad30efa68f79ad68f11b336e0a51ec86c2",
                "sha256:13ba6e8e326e2116c954074c994da14954982ba2795aebb881c07ac5d093a58a",
                "sha256:13ebf93c343dd8bd010cd98e617cb4c1c1f352a0cf2524c82d3814154116aa82",
                "sha256:1407fe45246632d0ffb7a3f4a520ba4e6051fc2cbd61ba1f806900c27f47706a",
                "sha256:1bf633a50cc93ed17e494015897361010fc08700d92676c87931d3ea464123ce",
                "sha256:2d0bac0385d2b43a7bd1d651621a4e0f1380abc63d6fb1012213a401cbd5bf8f",
                "sha256:3001d00eba6bbf084ae60ec7f4bb8ed375748f53aeaefaf2a37d9f0370558524",
                "sha256:356e4519d4dfa766d50ecc498544b44c0249b6de66426041d7f8b751de4d6b48",
                "sha256:38255a3f1e8942573b067510f9611fc9e38196077b0c8eb7a8c795e105f9ce77",
                "sha256:3d75b8d013086b08e801fbbb896f7d5c9e6ccd44f13a9241d2bf7c0df9eda928",
                "sha256:41b825d65f31e394b523c84db84f9383a2f7eefc13d987f308f4663794d2687e",
                "sha256:42e602564460da0e8ee67cb6d7236363ee5e131aa15943b6670e44e5c2ed0f67",
                "sha256:4aeaebcd91d9fee9aa768c1b39cb12214b30bf36d2b7370505a9f2165fedd8d9",
                "sha256:4c8b1c43e75c42a6cafcc71defa9e01ead39ae80bd733a2608b297412beede68",
                "sha256:4d37990425b4687ade27810e3b1a1c37825d242ebc275066cfee8cb6b8829ccd",
                "sha256:4f09b0010e55bec3239278f642a8a506b91034f03a4fb28289a7d448a67f1515",
                "sha256:505138d4fa69462447a562a7c2ef723c6025ba12ac04478bc1ce2fcc279a2db5",
                "sha256:5067920de254f1a2dee8d3d9d7e4e03718e8fd2d2d9db962c8c9fa781ae82a39",
                "sha256:56961cfca7da2fdd178f95ca407fa330c64f33289e1804b592a77d5593d9bd94",
                "sha256:5a8e05057fab2a365c81abc696cb753da7549d20266e8511eb6c9d9f72fe3e92",
                "sha256:659f167f419a4609bc0516fb18ea69ed39dbb25594934bd2dd4d0401660e8a1e",
                "sha256:662e8f7cad915ba75d8017b3e601afc01ef20deeeabf281bd00369de196d7726",
                "sha256:6f61d71bbc9b4a3de768371b210d906726535d6ca43506737682caa754b956cd",
                "sha256:72b00a8e7c25dcea5946692a2485b1a0c0661ed93ecfedfa9b6687bd89a24ef5",
                "sha256:811e1d37d60b47cb8126e0a929b58c046251f28117cb16fcd371eed61f66b764",
                "sha256:81b0ea3715bf6a848d6f7149d25bf018fd24554a4be01fcbbe3fdc78e890b955",
                "sha256:88c8d517e78acdf7df8a2134a3c4b964415b575d2840a2746ddb1cc6175f8608",
                "sha256:8dca09dedf1bd8684767bc736cc20c97c29bc0c04c413e3276e0962cd7aeb148",
                "sha256:974a39bdb8c90a85982cdb78a103a32e0b1be986d411303064b28a80611f6e51",
                "sha256:9e112e03d37987d7b90c1e98ba5e1b59e1645226d78d73282f45b326f7bddcb9",
                "sha256:9e9744c657d896c7b580455e739899e492a4a452e2dd4d2b3e459f6b244a638d",
                "sha256:9ed358312e63bf683b9ef22c8e442ef6c5c02973f0c2a939ec1d7b50c974015c",
                "sha256:9f2c221eecb7ead00b8e3ddb913c67f75cba078fd1d326053225a3f59d850d72",
                "sha256:a20d33124935d27b80e6fdacbd34205732660e0a1d35d8b10b3328179a2b51a1",
                "sha256:a4c0757db9bd08470ff8277791795e70d0bf035a011a528ee9a5ce9454b6cba2",
                "sha256:afe07421c969e259e9403c3bb658968702bc3b78ec0b6fde3ae1e73440529c23",
                "sha256:b1992ba9d4780d9af9726bbcef6a1db12d9ab1ccc35e5773685a24b7fb2758eb",
                "sha256:b23d2a46d53210b498e5b701a1913697671988f4bf8e10f935433f6e7c332fb6",
                "sha256:b5e83e4de81dcc9425598d9469a624826a0b1211380ac444c7c791d4a2137c19",
                "sha256:be35822f35f99dcc48152c9839d0171a06186f2d71ef76dc57fa556cc9bf6b45",
                "sha256:be9e0fb2ada7e5124f5282d6381903183ecc73ea019568d6d63d33f25b2a9000",
                "sha256:c140e7eb5ce47249668056edf3b7e9900c6a2e22fb0eaf0513f18a1b2c14e1da",
                "sha256:c6a08799e9e88052221adca55741bf106ec7ea0710bca635c208b751f0d5b617",
                "sha256:cb242fc2cda5a307a7698c93173d3627a2a90d00507bccf5bc228851e8304963",
                "sha256:cce1e90dd302f45716a7715517c6aa0468af0bf38e814ad4eab58e88fc09f7f7",
                "sha256:cd4ccc364cf75d1422e66e247e52a93da6a9b73cefa8cad696f3cbbb75af179d",
                "sha256:d21681f09e297a5adaa73060737e3aa1279a13ecdcfcc6ef66c292cb25125b2d",
                "sha256:d38ffd0e81ba8ef347d2be0772e899c289b59ff150ebbbbe05dc61b1246eb4e0",
                "sha256:d566b82e92ff2e09dd6342df7e0eb4ff6275a3f08db284888dcd98134dbd4243",
                "sha256:d5b0ff9878333823226d270417f24f4d06f235cb3e54d1103b71ea537a6a86ce",
                "sha256:d6ee1aa7ab36475035eb48c01efae87d37936a8173fc4d7b10bb02c2d75dd8f6",
                "sha256:db38f80540083ea33bdab614a9d28bcec4b54daa5aff1668d7827a9fc769ae0a",
                "sha256:ea688d11707d30e212e0110a1aac7f7f3f542a259235d396f88be68b649e47d1",
                "sha256:f6327b6907b4cb72f650a5b7b1be23a2aab395017aa6f1adb13069d66360eb3f",
                "sha256:fb412b7db83fe56847df9c47b6fe3f13911b06339c2aa02dcc09dce8bbf582cd"
            ],
            "markers": "python_version >= '2.7' and python_version not in '3.0, 3.1, 3.2, 3.3, 3.4'",
            "version": "==2.0.1"
        },
        "idna": {
            "hashes": [
                "sha256:814f528e8dead7d329833b91c5faa87d60bf71824cd12a7530b5526063d02cb4",
                "sha256:90b77e79eaa3eba6de819a0c442c0b4ceefc341a7a2ab77d7562bf49f425c5c2"
            ],
            "markers": "python_version >= '3.0'",
            "version": "==3.4"
        },
        "mypy": {
            "hashes": [
                "sha256:088cd9c7904b4ad80bec811053272986611b84221835e079be5bcad029e79dd9",
                "sha256:0aadfb2d3935988ec3815952e44058a3100499f5be5b28c34ac9d79f002a4a9a",
                "sha256:119bed3832d961f3a880787bf621634ba042cb8dc850a7429f643508eeac97b9",
                "sha256:1a85e280d4d217150ce8cb1a6dddffd14e753a4e0c3cf90baabb32cefa41b59e",
                "sha256:3c4b8ca36877fc75339253721f69603a9c7fdb5d4d5a95a1a1b899d8b86a4de2",
                "sha256:3e382b29f8e0ccf19a2df2b29a167591245df90c0b5a2542249873b5c1d78212",
                "sha256:42c266ced41b65ed40a282c575705325fa7991af370036d3f134518336636f5b",
                "sha256:53fd2eb27a8ee2892614370896956af2ff61254c275aaee4c230ae771cadd885",
                "sha256:704098302473cb31a218f1775a873b376b30b4c18229421e9e9dc8916fd16150",
                "sha256:7df1ead20c81371ccd6091fa3e2878559b5c4d4caadaf1a484cf88d93ca06703",
                "sha256:866c41f28cee548475f146aa4d39a51cf3b6a84246969f3759cb3e9c742fc072",
                "sha256:a155d80ea6cee511a3694b108c4494a39f42de11ee4e61e72bc424c490e46457",
                "sha256:adaeee09bfde366d2c13fe6093a7df5df83c9a2ba98638c7d76b010694db760e",
                "sha256:b6fb13123aeef4a3abbcfd7e71773ff3ff1526a7d3dc538f3929a49b42be03f0",
                "sha256:b94e4b785e304a04ea0828759172a15add27088520dc7e49ceade7834275bedb",
                "sha256:c0df2d30ed496a08de5daed2a9ea807d07c21ae0ab23acf541ab88c24b26ab97",
                "sha256:c6c2602dffb74867498f86e6129fd52a2770c48b7cd3ece77ada4fa38f94eba8",
                "sha256:ceb6e0a6e27fb364fb3853389607cf7eb3a126ad335790fa1e14ed02fba50811",
                "sha256:d9dd839eb0dc1bbe866a288ba3c1afc33a202015d2ad83b31e875b5905a079b6",
                "sha256:e4dab234478e3bd3ce83bac4193b2ecd9cf94e720ddd95ce69840273bf44f6de",
                "sha256:ec4e0cd079db280b6bdabdc807047ff3e199f334050db5cbb91ba3e959a67504",
                "sha256:ecd2c3fe726758037234c93df7e98deb257fd15c24c9180dacf1ef829da5f921",
                "sha256:ef565033fa5a958e62796867b1df10c40263ea9ded87164d67572834e57a174d"
            ],
            "index": "pypi",
            "version": "==0.910"
        },
        "mypy-extensions": {
            "hashes": [
                "sha256:090fedd75945a69ae91ce1303b5824f428daf5a028d2f6ab8a299250a846f15d",
                "sha256:2d82818f5bb3e369420cb3c4060a7970edba416647068eb4c5343488a6c604a8"
            ],
            "version": "==0.4.3"
        },
        "pygments": {
            "hashes": [
                "sha256:56a8508ae95f98e2b9bdf93a6be5ae3f7d8af858b43e02c5a2ff083726be40c1",
                "sha256:f643f331ab57ba3c9d89212ee4a2dabc6e94f117cf4eefde99a0574720d14c42"
            ],
            "markers": "python_version >= '3.6'",
            "version": "==2.13.0"
        },
        "pyxdg": {
            "hashes": [
                "sha256:3267bb3074e934df202af2ee0868575484108581e6f3cb006af1da35395e88b4",
                "sha256:bdaf595999a0178ecea4052b7f4195569c1ff4d344567bccdc12dfdf02d545ab"
            ],
            "version": "==0.28"
        },
        "requests": {
            "hashes": [
                "sha256:6c1246513ecd5ecd4528a0906f910e8f0f9c6b8ec72030dc9fd154dc1a6efd24",
                "sha256:b8aa58f8cf793ffd8782d3d8cb19e66ef36f7aba4353eec859e74678b01b07a7"
            ],
            "index": "pypi",
            "version": "==2.26.0"
        },
        "six": {
            "hashes": [
                "sha256:1e61c37477a1626458e36f7b1d82aa5c9b094fa4802892072e49de9c60c4c926",
                "sha256:8abb2f1d86890a2dfb989f9a77cfcfd3e47c2a354b01111771326f8aa26e0254"
            ],
            "markers": "python_version >= '2.7' and python_version not in '3.0, 3.1, 3.2, 3.3'",
            "version": "==1.16.0"
        },
        "toml": {
            "hashes": [
                "sha256:806143ae5bfb6a3c6e736a764057db0e6a0e05e338b5630894a5f779cabb4f9b",
                "sha256:b3bda1d108d5dd99f4a20d24d9c348e91c4db7ab1b749200bded2f839ccbe68f"
            ],
            "markers": "python_version >= '2.6' and python_version not in '3.0, 3.1, 3.2, 3.3'",
            "version": "==0.10.2"
        },
        "typing-extensions": {
            "hashes": [
                "sha256:1511434bb92bf8dd198c12b1cc812e800d4181cfcb867674e0f8279cc93087aa",
                "sha256:16fa4864408f655d35ec496218b85f79b3437c829e93320c7c9215ccfd92489e"
            ],
            "markers": "python_version >= '3.7'",
            "version": "==4.4.0"
        },
        "urllib3": {
            "hashes": [
                "sha256:47cc05d99aaa09c9e72ed5809b60e7ba354e64b59c9c173ac3018642d8bb41fc",
                "sha256:c083dd0dce68dbfbe1129d5271cb90f9447dea7d52097c6e0126120c521ddea8"
            ],
            "markers": "python_version >= '2.7' and python_version not in '3.0, 3.1, 3.2, 3.3, 3.4, 3.5'",
            "version": "==1.26.13"
        },
        "wcwidth": {
            "hashes": [
                "sha256:beb4802a9cebb9144e99086eff703a642a13d6a0052920003a230f3294bbe784",
                "sha256:c4d647b99872929fdb7bdcaa4fbe7f01413ed3d98077df798530e5b04f116c83"
            ],
            "version": "==0.2.5"
        },
        "yapf": {
            "hashes": [
                "sha256:408fb9a2b254c302f49db83c59f9aa0b4b0fd0ec25be3a5c51181327922ff63d",
                "sha256:e3a234ba8455fe201eaa649cdac872d590089a18b661e39bbac7020978dd9c2e"
            ],
            "index": "pypi",
            "version": "==0.31.0"
        }
    }
}
